
Microsoft Visual Studio Solution File, Format Version 12.00
# Visual Studio Version 17
VisualStudioVersion = 17.5.33530.505
MinimumVisualStudioVersion = 10.0.40219.1
Project("{FAE04EC0-301F-11D3-BF4B-00C04F79EFBC}") = "Jenkins-pipeline", "Jenkins-pipeline.csproj", "{9800A3E3-80B2-46A4-A4FA-26FCD104FBDF}"
EndProject
Global
	GlobalSection(SolutionConfigurationPlatforms) = preSolution
		Debug|Any CPU = Debug|Any CPU
		Release|Any CPU = Release|Any CPU
	EndGlobalSection
	GlobalSection(ProjectConfigurationPlatforms) = postSolution
		{9800A3E3-80B2-46A4-A4FA-26FCD104FBDF}.Debug|Any CPU.ActiveCfg = Debug|Any CPU
		{9800A3E3-80B2-46A4-A4FA-26FCD104FBDF}.Debug|Any CPU.Build.0 = Debug|Any CPU
		{9800A3E3-80B2-46A4-A4FA-26FCD104FBDF}.Release|Any CPU.ActiveCfg = Release|Any CPU
		{9800A3E3-80B2-46A4-A4FA-26FCD104FBDF}.Release|Any CPU.Build.0 = Release|Any CPU
	EndGlobalSection
	GlobalSection(SolutionProperties) = preSolution
		HideSolutionNode = FALSE
	EndGlobalSection
	GlobalSection(ExtensibilityGlobals) = postSolution
		SolutionGuid = {A6BC453B-5663-45D7-BA12-55D06111D0EE}
	EndGlobalSection
EndGlobal
